// !$*UTF8*$!
{
	archiveVersion = 1;
	classes = {
	};
	objectVersion = 48;
	objects = {

/* Begin PBXBuildFile section */
		177D0F3C3FF445224F80536F /* Pods_HoodsTests.framework in Frameworks */ = {isa = PBXBuildFile; fileRef = 71D0B080E2AAA2953B90BC79 /* Pods_HoodsTests.framework */; };
		491A630A207077740068B76C /* AppDelegate.swift in Sources */ = {isa = PBXBuildFile; fileRef = 491A6309207077740068B76C /* AppDelegate.swift */; };
		491A630C207077740068B76C /* ViewController.swift in Sources */ = {isa = PBXBuildFile; fileRef = 491A630B207077740068B76C /* ViewController.swift */; };
		491A630F207077740068B76C /* Main.storyboard in Resources */ = {isa = PBXBuildFile; fileRef = 491A630D207077740068B76C /* Main.storyboard */; };
		491A6311207077740068B76C /* Assets.xcassets in Resources */ = {isa = PBXBuildFile; fileRef = 491A6310207077740068B76C /* Assets.xcassets */; };
		491A6314207077740068B76C /* LaunchScreen.storyboard in Resources */ = {isa = PBXBuildFile; fileRef = 491A6312207077740068B76C /* LaunchScreen.storyboard */; };
		491A631F207077750068B76C /* HoodsTests.swift in Sources */ = {isa = PBXBuildFile; fileRef = 491A631E207077750068B76C /* HoodsTests.swift */; };
		491A632A207077750068B76C /* HoodsUITests.swift in Sources */ = {isa = PBXBuildFile; fileRef = 491A6329207077750068B76C /* HoodsUITests.swift */; };
		491A6338207084EE0068B76C /* MGLMapViewWorkaround.swift in Sources */ = {isa = PBXBuildFile; fileRef = 491A6337207084EE0068B76C /* MGLMapViewWorkaround.swift */; };
		6354C17C0851B1CB682D7AED /* Pods_Hoods.framework in Frameworks */ = {isa = PBXBuildFile; fileRef = 9A2BFBB213D4CDC7EF9296BB /* Pods_Hoods.framework */; };
		7B618E8D18AE221022A596BF /* Pods_HoodsUITests.framework in Frameworks */ = {isa = PBXBuildFile; fileRef = C0145754F0400709A57C895D /* Pods_HoodsUITests.framework */; };
/* End PBXBuildFile section */

/* Begin PBXContainerItemProxy section */
		491A631B207077740068B76C /* PBXContainerItemProxy */ = {
			isa = PBXContainerItemProxy;
			containerPortal = 491A62FE207077740068B76C /* Project object */;
			proxyType = 1;
			remoteGlobalIDString = 491A6305207077740068B76C;
			remoteInfo = Hoods;
		};
		491A6326207077750068B76C /* PBXContainerItemProxy */ = {
			isa = PBXContainerItemProxy;
			containerPortal = 491A62FE207077740068B76C /* Project object */;
			proxyType = 1;
			remoteGlobalIDString = 491A6305207077740068B76C;
			remoteInfo = Hoods;
		};
/* End PBXContainerItemProxy section */

/* Begin PBXFileReference section */
		491A6306207077740068B76C /* Hoods.app */ = {isa = PBXFileReference; explicitFileType = wrapper.application; includeInIndex = 0; path = Hoods.app; sourceTree = BUILT_PRODUCTS_DIR; };
		491A6309207077740068B76C /* AppDelegate.swift */ = {isa = PBXFileReference; lastKnownFileType = sourcecode.swift; path = AppDelegate.swift; sourceTree = "<group>"; };
		491A630B207077740068B76C /* ViewController.swift */ = {isa = PBXFileReference; lastKnownFileType = sourcecode.swift; path = ViewController.swift; sourceTree = "<group>"; };
		491A630E207077740068B76C /* Base */ = {isa = PBXFileReference; lastKnownFileType = file.storyboard; name = Base; path = Base.lproj/Main.storyboard; sourceTree = "<group>"; };
		491A6310207077740068B76C /* Assets.xcassets */ = {isa = PBXFileReference; lastKnownFileType = folder.assetcatalog; path = Assets.xcassets; sourceTree = "<group>"; };
		491A6313207077740068B76C /* Base */ = {isa = PBXFileReference; lastKnownFileType = file.storyboard; name = Base; path = Base.lproj/LaunchScreen.storyboard; sourceTree = "<group>"; };
		491A6315207077740068B76C /* Info.plist */ = {isa = PBXFileReference; lastKnownFileType = text.plist.xml; path = Info.plist; sourceTree = "<group>"; };
		491A631A207077740068B76C /* HoodsTests.xctest */ = {isa = PBXFileReference; explicitFileType = wrapper.cfbundle; includeInIndex = 0; path = HoodsTests.xctest; sourceTree = BUILT_PRODUCTS_DIR; };
		491A631E207077750068B76C /* HoodsTests.swift */ = {isa = PBXFileReference; lastKnownFileType = sourcecode.swift; path = HoodsTests.swift; sourceTree = "<group>"; };
		491A6320207077750068B76C /* Info.plist */ = {isa = PBXFileReference; lastKnownFileType = text.plist.xml; path = Info.plist; sourceTree = "<group>"; };
		491A6325207077750068B76C /* HoodsUITests.xctest */ = {isa = PBXFileReference; explicitFileType = wrapper.cfbundle; includeInIndex = 0; path = HoodsUITests.xctest; sourceTree = BUILT_PRODUCTS_DIR; };
		491A6329207077750068B76C /* HoodsUITests.swift */ = {isa = PBXFileReference; lastKnownFileType = sourcecode.swift; path = HoodsUITests.swift; sourceTree = "<group>"; };
		491A632B207077750068B76C /* Info.plist */ = {isa = PBXFileReference; lastKnownFileType = text.plist.xml; path = Info.plist; sourceTree = "<group>"; };
		491A6337207084EE0068B76C /* MGLMapViewWorkaround.swift */ = {isa = PBXFileReference; lastKnownFileType = sourcecode.swift; path = MGLMapViewWorkaround.swift; sourceTree = "<group>"; };
		5E3DD8083E30EAF097375D8D /* Pods-HoodsTests.release.xcconfig */ = {isa = PBXFileReference; includeInIndex = 1; lastKnownFileType = text.xcconfig; name = "Pods-HoodsTests.release.xcconfig"; path = "Pods/Target Support Files/Pods-HoodsTests/Pods-HoodsTests.release.xcconfig"; sourceTree = "<group>"; };
		71D0B080E2AAA2953B90BC79 /* Pods_HoodsTests.framework */ = {isa = PBXFileReference; explicitFileType = wrapper.framework; includeInIndex = 0; path = Pods_HoodsTests.framework; sourceTree = BUILT_PRODUCTS_DIR; };
		9806673CC705EBD7B7A1105D /* Pods-Hoods.release.xcconfig */ = {isa = PBXFileReference; includeInIndex = 1; lastKnownFileType = text.xcconfig; name = "Pods-Hoods.release.xcconfig"; path = "Pods/Target Support Files/Pods-Hoods/Pods-Hoods.release.xcconfig"; sourceTree = "<group>"; };
		9A2BFBB213D4CDC7EF9296BB /* Pods_Hoods.framework */ = {isa = PBXFileReference; explicitFileType = wrapper.framework; includeInIndex = 0; path = Pods_Hoods.framework; sourceTree = BUILT_PRODUCTS_DIR; };
		9CB7BFE245E942884665F930 /* Pods-HoodsUITests.debug.xcconfig */ = {isa = PBXFileReference; includeInIndex = 1; lastKnownFileType = text.xcconfig; name = "Pods-HoodsUITests.debug.xcconfig"; path = "Pods/Target Support Files/Pods-HoodsUITests/Pods-HoodsUITests.debug.xcconfig"; sourceTree = "<group>"; };
		9E7076FB4A17477553A190B7 /* Pods-Hoods.debug.xcconfig */ = {isa = PBXFileReference; includeInIndex = 1; lastKnownFileType = text.xcconfig; name = "Pods-Hoods.debug.xcconfig"; path = "Pods/Target Support Files/Pods-Hoods/Pods-Hoods.debug.xcconfig"; sourceTree = "<group>"; };
		C0145754F0400709A57C895D /* Pods_HoodsUITests.framework */ = {isa = PBXFileReference; explicitFileType = wrapper.framework; includeInIndex = 0; path = Pods_HoodsUITests.framework; sourceTree = BUILT_PRODUCTS_DIR; };
		E92A23D357728552539B51D7 /* Pods-HoodsUITests.release.xcconfig */ = {isa = PBXFileReference; includeInIndex = 1; lastKnownFileType = text.xcconfig; name = "Pods-HoodsUITests.release.xcconfig"; path = "Pods/Target Support Files/Pods-HoodsUITests/Pods-HoodsUITests.release.xcconfig"; sourceTree = "<group>"; };
		EFE13D1D921B6D962081DBCE /* Pods-HoodsTests.debug.xcconfig */ = {isa = PBXFileReference; includeInIndex = 1; lastKnownFileType = text.xcconfig; name = "Pods-HoodsTests.debug.xcconfig"; path = "Pods/Target Support Files/Pods-HoodsTests/Pods-HoodsTests.debug.xcconfig"; sourceTree = "<group>"; };
/* End PBXFileReference section */

/* Begin PBXFrameworksBuildPhase section */
		491A6303207077740068B76C /* Frameworks */ = {
			isa = PBXFrameworksBuildPhase;
			buildActionMask = 2147483647;
			files = (
				6354C17C0851B1CB682D7AED /* Pods_Hoods.framework in Frameworks */,
			);
			runOnlyForDeploymentPostprocessing = 0;
		};
		491A6317207077740068B76C /* Frameworks */ = {
			isa = PBXFrameworksBuildPhase;
			buildActionMask = 2147483647;
			files = (
				177D0F3C3FF445224F80536F /* Pods_HoodsTests.framework in Frameworks */,
			);
			runOnlyForDeploymentPostprocessing = 0;
		};
		491A6322207077750068B76C /* Frameworks */ = {
			isa = PBXFrameworksBuildPhase;
			buildActionMask = 2147483647;
			files = (
				7B618E8D18AE221022A596BF /* Pods_HoodsUITests.framework in Frameworks */,
			);
			runOnlyForDeploymentPostprocessing = 0;
		};
/* End PBXFrameworksBuildPhase section */

/* Begin PBXGroup section */
		491A62FD207077740068B76C = {
			isa = PBXGroup;
			children = (
				491A6308207077740068B76C /* Hoods */,
				491A631D207077750068B76C /* HoodsTests */,
				491A6328207077750068B76C /* HoodsUITests */,
				491A6307207077740068B76C /* Products */,
				E848B661FA7B85B883E689D9 /* Pods */,
				852D99DBDB2AF0953AB4A600 /* Frameworks */,
			);
			sourceTree = "<group>";
		};
		491A6307207077740068B76C /* Products */ = {
			isa = PBXGroup;
			children = (
				491A6306207077740068B76C /* Hoods.app */,
				491A631A207077740068B76C /* HoodsTests.xctest */,
				491A6325207077750068B76C /* HoodsUITests.xctest */,
			);
			name = Products;
			sourceTree = "<group>";
		};
		491A6308207077740068B76C /* Hoods */ = {
			isa = PBXGroup;
			children = (
				491A6309207077740068B76C /* AppDelegate.swift */,
				491A630B207077740068B76C /* ViewController.swift */,
				491A630D207077740068B76C /* Main.storyboard */,
				491A6337207084EE0068B76C /* MGLMapViewWorkaround.swift */,
				491A6310207077740068B76C /* Assets.xcassets */,
				491A6312207077740068B76C /* LaunchScreen.storyboard */,
				491A6315207077740068B76C /* Info.plist */,
			);
			path = Hoods;
			sourceTree = "<group>";
		};
		491A631D207077750068B76C /* HoodsTests */ = {
			isa = PBXGroup;
			children = (
				491A631E207077750068B76C /* HoodsTests.swift */,
				491A6320207077750068B76C /* Info.plist */,
			);
			path = HoodsTests;
			sourceTree = "<group>";
		};
		491A6328207077750068B76C /* HoodsUITests */ = {
			isa = PBXGroup;
			children = (
				491A6329207077750068B76C /* HoodsUITests.swift */,
				491A632B207077750068B76C /* Info.plist */,
			);
			path = HoodsUITests;
			sourceTree = "<group>";
		};
		852D99DBDB2AF0953AB4A600 /* Frameworks */ = {
			isa = PBXGroup;
			children = (
				9A2BFBB213D4CDC7EF9296BB /* Pods_Hoods.framework */,
				71D0B080E2AAA2953B90BC79 /* Pods_HoodsTests.framework */,
				C0145754F0400709A57C895D /* Pods_HoodsUITests.framework */,
			);
			name = Frameworks;
			sourceTree = "<group>";
		};
		E848B661FA7B85B883E689D9 /* Pods */ = {
			isa = PBXGroup;
			children = (
				9E7076FB4A17477553A190B7 /* Pods-Hoods.debug.xcconfig */,
				9806673CC705EBD7B7A1105D /* Pods-Hoods.release.xcconfig */,
				EFE13D1D921B6D962081DBCE /* Pods-HoodsTests.debug.xcconfig */,
				5E3DD8083E30EAF097375D8D /* Pods-HoodsTests.release.xcconfig */,
				9CB7BFE245E942884665F930 /* Pods-HoodsUITests.debug.xcconfig */,
				E92A23D357728552539B51D7 /* Pods-HoodsUITests.release.xcconfig */,
			);
			name = Pods;
			sourceTree = "<group>";
		};
/* End PBXGroup section */

/* Begin PBXNativeTarget section */
		491A6305207077740068B76C /* Hoods */ = {
			isa = PBXNativeTarget;
			buildConfigurationList = 491A632E207077750068B76C /* Build configuration list for PBXNativeTarget "Hoods" */;
			buildPhases = (
				F387D498D491152FEB3315CE /* [CP] Check Pods Manifest.lock */,
				491A6302207077740068B76C /* Sources */,
				491A6303207077740068B76C /* Frameworks */,
				491A6304207077740068B76C /* Resources */,
				EAA39749D7B163317355F47C /* [CP] Embed Pods Frameworks */,
				4BFA2AC573F8D6D0A1622F1D /* [CP] Copy Pods Resources */,
			);
			buildRules = (
			);
			dependencies = (
			);
			name = Hoods;
			productName = Hoods;
			productReference = 491A6306207077740068B76C /* Hoods.app */;
			productType = "com.apple.product-type.application";
		};
		491A6319207077740068B76C /* HoodsTests */ = {
			isa = PBXNativeTarget;
			buildConfigurationList = 491A6331207077750068B76C /* Build configuration list for PBXNativeTarget "HoodsTests" */;
			buildPhases = (
				8D9BF58AFC84FBCA78BEAC32 /* [CP] Check Pods Manifest.lock */,
				491A6316207077740068B76C /* Sources */,
				491A6317207077740068B76C /* Frameworks */,
				491A6318207077740068B76C /* Resources */,
				C9FCCC51B5465B6E68E8A092 /* [CP] Embed Pods Frameworks */,
				809953EAE8365E1EE1045FEF /* [CP] Copy Pods Resources */,
			);
			buildRules = (
			);
			dependencies = (
				491A631C207077740068B76C /* PBXTargetDependency */,
			);
			name = HoodsTests;
			productName = HoodsTests;
			productReference = 491A631A207077740068B76C /* HoodsTests.xctest */;
			productType = "com.apple.product-type.bundle.unit-test";
		};
		491A6324207077750068B76C /* HoodsUITests */ = {
			isa = PBXNativeTarget;
			buildConfigurationList = 491A6334207077750068B76C /* Build configuration list for PBXNativeTarget "HoodsUITests" */;
			buildPhases = (
				F43D00E5F3A7452BC8018A04 /* [CP] Check Pods Manifest.lock */,
				491A6321207077750068B76C /* Sources */,
				491A6322207077750068B76C /* Frameworks */,
				491A6323207077750068B76C /* Resources */,
				3EDF7808DAB4005EB35FE94C /* [CP] Embed Pods Frameworks */,
				69AA3DBFBDBDD7E7FFD96DA5 /* [CP] Copy Pods Resources */,
			);
			buildRules = (
			);
			dependencies = (
				491A6327207077750068B76C /* PBXTargetDependency */,
			);
			name = HoodsUITests;
			productName = HoodsUITests;
			productReference = 491A6325207077750068B76C /* HoodsUITests.xctest */;
			productType = "com.apple.product-type.bundle.ui-testing";
		};
/* End PBXNativeTarget section */

/* Begin PBXProject section */
		491A62FE207077740068B76C /* Project object */ = {
			isa = PBXProject;
			attributes = {
				LastSwiftUpdateCheck = 0920;
				LastUpgradeCheck = 0920;
				ORGANIZATIONNAME = Hoods;
				TargetAttributes = {
					491A6305207077740068B76C = {
						CreatedOnToolsVersion = 9.2;
						ProvisioningStyle = Automatic;
					};
					491A6319207077740068B76C = {
						CreatedOnToolsVersion = 9.2;
						ProvisioningStyle = Automatic;
						TestTargetID = 491A6305207077740068B76C;
					};
					491A6324207077750068B76C = {
						CreatedOnToolsVersion = 9.2;
						ProvisioningStyle = Automatic;
						TestTargetID = 491A6305207077740068B76C;
					};
				};
			};
			buildConfigurationList = 491A6301207077740068B76C /* Build configuration list for PBXProject "Hoods" */;
			compatibilityVersion = "Xcode 8.0";
			developmentRegion = en;
			hasScannedForEncodings = 0;
			knownRegions = (
				en,
				Base,
			);
			mainGroup = 491A62FD207077740068B76C;
			productRefGroup = 491A6307207077740068B76C /* Products */;
			projectDirPath = "";
			projectRoot = "";
			targets = (
				491A6305207077740068B76C /* Hoods */,
				491A6319207077740068B76C /* HoodsTests */,
				491A6324207077750068B76C /* HoodsUITests */,
			);
		};
/* End PBXProject section */

/* Begin PBXResourcesBuildPhase section */
		491A6304207077740068B76C /* Resources */ = {
			isa = PBXResourcesBuildPhase;
			buildActionMask = 2147483647;
			files = (
				491A6314207077740068B76C /* LaunchScreen.storyboard in Resources */,
				491A6311207077740068B76C /* Assets.xcassets in Resources */,
				491A630F207077740068B76C /* Main.storyboard in Resources */,
			);
			runOnlyForDeploymentPostprocessing = 0;
		};
		491A6318207077740068B76C /* Resources */ = {
			isa = PBXResourcesBuildPhase;
			buildActionMask = 2147483647;
			files = (
			);
			runOnlyForDeploymentPostprocessing = 0;
		};
		491A6323207077750068B76C /* Resources */ = {
			isa = PBXResourcesBuildPhase;
			buildActionMask = 2147483647;
			files = (
			);
			runOnlyForDeploymentPostprocessing = 0;
		};
/* End PBXResourcesBuildPhase section */

/* Begin PBXShellScriptBuildPhase section */
		3EDF7808DAB4005EB35FE94C /* [CP] Embed Pods Frameworks */ = {
			isa = PBXShellScriptBuildPhase;
			buildActionMask = 2147483647;
			files = (
			);
			inputPaths = (
			);
			name = "[CP] Embed Pods Frameworks";
			outputPaths = (
			);
			runOnlyForDeploymentPostprocessing = 0;
			shellPath = /bin/sh;
			shellScript = "\"${SRCROOT}/Pods/Target Support Files/Pods-HoodsUITests/Pods-HoodsUITests-frameworks.sh\"\n";
			showEnvVarsInLog = 0;
		};
		4BFA2AC573F8D6D0A1622F1D /* [CP] Copy Pods Resources */ = {
			isa = PBXShellScriptBuildPhase;
			buildActionMask = 2147483647;
			files = (
			);
			inputPaths = (
			);
			name = "[CP] Copy Pods Resources";
			outputPaths = (
			);
			runOnlyForDeploymentPostprocessing = 0;
			shellPath = /bin/sh;
			shellScript = "\"${SRCROOT}/Pods/Target Support Files/Pods-Hoods/Pods-Hoods-resources.sh\"\n";
			showEnvVarsInLog = 0;
		};
		69AA3DBFBDBDD7E7FFD96DA5 /* [CP] Copy Pods Resources */ = {
			isa = PBXShellScriptBuildPhase;
			buildActionMask = 2147483647;
			files = (
			);
			inputPaths = (
			);
			name = "[CP] Copy Pods Resources";
			outputPaths = (
			);
			runOnlyForDeploymentPostprocessing = 0;
			shellPath = /bin/sh;
			shellScript = "\"${SRCROOT}/Pods/Target Support Files/Pods-HoodsUITests/Pods-HoodsUITests-resources.sh\"\n";
			showEnvVarsInLog = 0;
		};
		809953EAE8365E1EE1045FEF /* [CP] Copy Pods Resources */ = {
			isa = PBXShellScriptBuildPhase;
			buildActionMask = 2147483647;
			files = (
			);
			inputPaths = (
			);
			name = "[CP] Copy Pods Resources";
			outputPaths = (
			);
			runOnlyForDeploymentPostprocessing = 0;
			shellPath = /bin/sh;
			shellScript = "\"${SRCROOT}/Pods/Target Support Files/Pods-HoodsTests/Pods-HoodsTests-resources.sh\"\n";
			showEnvVarsInLog = 0;
		};
		8D9BF58AFC84FBCA78BEAC32 /* [CP] Check Pods Manifest.lock */ = {
			isa = PBXShellScriptBuildPhase;
			buildActionMask = 2147483647;
			files = (
			);
			inputPaths = (
				"${PODS_PODFILE_DIR_PATH}/Podfile.lock",
				"${PODS_ROOT}/Manifest.lock",
			);
			name = "[CP] Check Pods Manifest.lock";
			outputPaths = (
				"$(DERIVED_FILE_DIR)/Pods-HoodsTests-checkManifestLockResult.txt",
			);
			runOnlyForDeploymentPostprocessing = 0;
			shellPath = /bin/sh;
			shellScript = "diff \"${PODS_PODFILE_DIR_PATH}/Podfile.lock\" \"${PODS_ROOT}/Manifest.lock\" > /dev/null\nif [ $? != 0 ] ; then\n    # print error to STDERR\n    echo \"error: The sandbox is not in sync with the Podfile.lock. Run 'pod install' or update your CocoaPods installation.\" >&2\n    exit 1\nfi\n# This output is used by Xcode 'outputs' to avoid re-running this script phase.\necho \"SUCCESS\" > \"${SCRIPT_OUTPUT_FILE_0}\"\n";
			showEnvVarsInLog = 0;
		};
		C9FCCC51B5465B6E68E8A092 /* [CP] Embed Pods Frameworks */ = {
			isa = PBXShellScriptBuildPhase;
			buildActionMask = 2147483647;
			files = (
			);
			inputPaths = (
			);
			name = "[CP] Embed Pods Frameworks";
			outputPaths = (
			);
			runOnlyForDeploymentPostprocessing = 0;
			shellPath = /bin/sh;
			shellScript = "\"${SRCROOT}/Pods/Target Support Files/Pods-HoodsTests/Pods-HoodsTests-frameworks.sh\"\n";
			showEnvVarsInLog = 0;
		};
		EAA39749D7B163317355F47C /* [CP] Embed Pods Frameworks */ = {
			isa = PBXShellScriptBuildPhase;
			buildActionMask = 2147483647;
			files = (
			);
			inputPaths = (
				"${SRCROOT}/Pods/Target Support Files/Pods-Hoods/Pods-Hoods-frameworks.sh",
				"${PODS_ROOT}/Mapbox-iOS-SDK/dynamic/Mapbox.framework",
				"${PODS_ROOT}/Mapbox-iOS-SDK/dynamic/Mapbox.framework.dSYM",
			);
			name = "[CP] Embed Pods Frameworks";
			outputPaths = (
				"${TARGET_BUILD_DIR}/${FRAMEWORKS_FOLDER_PATH}/Mapbox.framework",
				"${DWARF_DSYM_FOLDER_PATH}/Mapbox.framework.dSYM",
			);
			runOnlyForDeploymentPostprocessing = 0;
			shellPath = /bin/sh;
			shellScript = "\"${SRCROOT}/Pods/Target Support Files/Pods-Hoods/Pods-Hoods-frameworks.sh\"\n";
			showEnvVarsInLog = 0;
		};
		F387D498D491152FEB3315CE /* [CP] Check Pods Manifest.lock */ = {
			isa = PBXShellScriptBuildPhase;
			buildActionMask = 2147483647;
			files = (
			);
			inputPaths = (
				"${PODS_PODFILE_DIR_PATH}/Podfile.lock",
				"${PODS_ROOT}/Manifest.lock",
			);
			name = "[CP] Check Pods Manifest.lock";
			outputPaths = (
				"$(DERIVED_FILE_DIR)/Pods-Hoods-checkManifestLockResult.txt",
			);
			runOnlyForDeploymentPostprocessing = 0;
			shellPath = /bin/sh;
			shellScript = "diff \"${PODS_PODFILE_DIR_PATH}/Podfile.lock\" \"${PODS_ROOT}/Manifest.lock\" > /dev/null\nif [ $? != 0 ] ; then\n    # print error to STDERR\n    echo \"error: The sandbox is not in sync with the Podfile.lock. Run 'pod install' or update your CocoaPods installation.\" >&2\n    exit 1\nfi\n# This output is used by Xcode 'outputs' to avoid re-running this script phase.\necho \"SUCCESS\" > \"${SCRIPT_OUTPUT_FILE_0}\"\n";
			showEnvVarsInLog = 0;
		};
		F43D00E5F3A7452BC8018A04 /* [CP] Check Pods Manifest.lock */ = {
			isa = PBXShellScriptBuildPhase;
			buildActionMask = 2147483647;
			files = (
			);
			inputPaths = (
				"${PODS_PODFILE_DIR_PATH}/Podfile.lock",
				"${PODS_ROOT}/Manifest.lock",
			);
			name = "[CP] Check Pods Manifest.lock";
			outputPaths = (
				"$(DERIVED_FILE_DIR)/Pods-HoodsUITests-checkManifestLockResult.txt",
			);
			runOnlyForDeploymentPostprocessing = 0;
			shellPath = /bin/sh;
			shellScript = "diff \"${PODS_PODFILE_DIR_PATH}/Podfile.lock\" \"${PODS_ROOT}/Manifest.lock\" > /dev/null\nif [ $? != 0 ] ; then\n    # print error to STDERR\n    echo \"error: The sandbox is not in sync with the Podfile.lock. Run 'pod install' or update your CocoaPods installation.\" >&2\n    exit 1\nfi\n# This output is used by Xcode 'outputs' to avoid re-running this script phase.\necho \"SUCCESS\" > \"${SCRIPT_OUTPUT_FILE_0}\"\n";
			showEnvVarsInLog = 0;
		};
/* End PBXShellScriptBuildPhase section */

/* Begin PBXSourcesBuildPhase section */
		491A6302207077740068B76C /* Sources */ = {
			isa = PBXSourcesBuildPhase;
			buildActionMask = 2147483647;
			files = (
				491A630C207077740068B76C /* ViewController.swift in Sources */,
				491A6338207084EE0068B76C /* MGLMapViewWorkaround.swift in Sources */,
				491A630A207077740068B76C /* AppDelegate.swift in Sources */,
			);
			runOnlyForDeploymentPostprocessing = 0;
		};
		491A6316207077740068B76C /* Sources */ = {
			isa = PBXSourcesBuildPhase;
			buildActionMask = 2147483647;
			files = (
				491A631F207077750068B76C /* HoodsTests.swift in Sources */,
			);
			runOnlyForDeploymentPostprocessing = 0;
		};
		491A6321207077750068B76C /* Sources */ = {
			isa = PBXSourcesBuildPhase;
			buildActionMask = 2147483647;
			files = (
				491A632A207077750068B76C /* HoodsUITests.swift in Sources */,
			);
			runOnlyForDeploymentPostprocessing = 0;
		};
/* End PBXSourcesBuildPhase section */

/* Begin PBXTargetDependency section */
		491A631C207077740068B76C /* PBXTargetDependency */ = {
			isa = PBXTargetDependency;
			target = 491A6305207077740068B76C /* Hoods */;
			targetProxy = 491A631B207077740068B76C /* PBXContainerItemProxy */;
		};
		491A6327207077750068B76C /* PBXTargetDependency */ = {
			isa = PBXTargetDependency;
			target = 491A6305207077740068B76C /* Hoods */;
			targetProxy = 491A6326207077750068B76C /* PBXContainerItemProxy */;
		};
/* End PBXTargetDependency section */

/* Begin PBXVariantGroup section */
		491A630D207077740068B76C /* Main.storyboard */ = {
			isa = PBXVariantGroup;
			children = (
				491A630E207077740068B76C /* Base */,
			);
			name = Main.storyboard;
			sourceTree = "<group>";
		};
		491A6312207077740068B76C /* LaunchScreen.storyboard */ = {
			isa = PBXVariantGroup;
			children = (
				491A6313207077740068B76C /* Base */,
			);
			name = LaunchScreen.storyboard;
			sourceTree = "<group>";
		};
/* End PBXVariantGroup section */

/* Begin XCBuildConfiguration section */
		491A632C207077750068B76C /* Debug */ = {
			isa = XCBuildConfiguration;
			buildSettings = {
				ALWAYS_SEARCH_USER_PATHS = NO;
				CLANG_ANALYZER_NONNULL = YES;
				CLANG_ANALYZER_NUMBER_OBJECT_CONVERSION = YES_AGGRESSIVE;
				CLANG_CXX_LANGUAGE_STANDARD = "gnu++14";
				CLANG_CXX_LIBRARY = "libc++";
				CLANG_ENABLE_MODULES = YES;
				CLANG_ENABLE_OBJC_ARC = YES;
				CLANG_WARN_BLOCK_CAPTURE_AUTORELEASING = YES;
				CLANG_WARN_BOOL_CONVERSION = YES;
				CLANG_WARN_COMMA = YES;
				CLANG_WARN_CONSTANT_CONVERSION = YES;
				CLANG_WARN_DIRECT_OBJC_ISA_USAGE = YES_ERROR;
				CLANG_WARN_DOCUMENTATION_COMMENTS = YES;
				CLANG_WARN_EMPTY_BODY = YES;
				CLANG_WARN_ENUM_CONVERSION = YES;
				CLANG_WARN_INFINITE_RECURSION = YES;
				CLANG_WARN_INT_CONVERSION = YES;
				CLANG_WARN_NON_LITERAL_NULL_CONVERSION = YES;
				CLANG_WARN_OBJC_LITERAL_CONVERSION = YES;
				CLANG_WARN_OBJC_ROOT_CLASS = YES_ERROR;
				CLANG_WARN_RANGE_LOOP_ANALYSIS = YES;
				CLANG_WARN_STRICT_PROTOTYPES = YES;
				CLANG_WARN_SUSPICIOUS_MOVE = YES;
				CLANG_WARN_UNGUARDED_AVAILABILITY = YES_AGGRESSIVE;
				CLANG_WARN_UNREACHABLE_CODE = YES;
				CLANG_WARN__DUPLICATE_METHOD_MATCH = YES;
				CODE_SIGN_IDENTITY = "iPhone Developer";
				COPY_PHASE_STRIP = NO;
				DEBUG_INFORMATION_FORMAT = dwarf;
				ENABLE_STRICT_OBJC_MSGSEND = YES;
				ENABLE_TESTABILITY = YES;
				GCC_C_LANGUAGE_STANDARD = gnu11;
				GCC_DYNAMIC_NO_PIC = NO;
				GCC_NO_COMMON_BLOCKS = YES;
				GCC_OPTIMIZATION_LEVEL = 0;
				GCC_PREPROCESSOR_DEFINITIONS = (
					"DEBUG=1",
					"$(inherited)",
				);
				GCC_WARN_64_TO_32_BIT_CONVERSION = YES;
				GCC_WARN_ABOUT_RETURN_TYPE = YES_ERROR;
				GCC_WARN_UNDECLARED_SELECTOR = YES;
				GCC_WARN_UNINITIALIZED_AUTOS = YES_AGGRESSIVE;
				GCC_WARN_UNUSED_FUNCTION = YES;
				GCC_WARN_UNUSED_VARIABLE = YES;
				IPHONEOS_DEPLOYMENT_TARGET = 11.2;
				MTL_ENABLE_DEBUG_INFO = YES;
				ONLY_ACTIVE_ARCH = YES;
				SDKROOT = iphoneos;
				SWIFT_ACTIVE_COMPILATION_CONDITIONS = DEBUG;
				SWIFT_OPTIMIZATION_LEVEL = "-Onone";
			};
			name = Debug;
		};
		491A632D207077750068B76C /* Release */ = {
			isa = XCBuildConfiguration;
			buildSettings = {
				ALWAYS_SEARCH_USER_PATHS = NO;
				CLANG_ANALYZER_NONNULL = YES;
				CLANG_ANALYZER_NUMBER_OBJECT_CONVERSION = YES_AGGRESSIVE;
				CLANG_CXX_LANGUAGE_STANDARD = "gnu++14";
				CLANG_CXX_LIBRARY = "libc++";
				CLANG_ENABLE_MODULES = YES;
				CLANG_ENABLE_OBJC_ARC = YES;
				CLANG_WARN_BLOCK_CAPTURE_AUTORELEASING = YES;
				CLANG_WARN_BOOL_CONVERSION = YES;
				CLANG_WARN_COMMA = YES;
				CLANG_WARN_CONSTANT_CONVERSION = YES;
				CLANG_WARN_DIRECT_OBJC_ISA_USAGE = YES_ERROR;
				CLANG_WARN_DOCUMENTATION_COMMENTS = YES;
				CLANG_WARN_EMPTY_BODY = YES;
				CLANG_WARN_ENUM_CONVERSION = YES;
				CLANG_WARN_INFINITE_RECURSION = YES;
				CLANG_WARN_INT_CONVERSION = YES;
				CLANG_WARN_NON_LITERAL_NULL_CONVERSION = YES;
				CLANG_WARN_OBJC_LITERAL_CONVERSION = YES;
				CLANG_WARN_OBJC_ROOT_CLASS = YES_ERROR;
				CLANG_WARN_RANGE_LOOP_ANALYSIS = YES;
				CLANG_WARN_STRICT_PROTOTYPES = YES;
				CLANG_WARN_SUSPICIOUS_MOVE = YES;
				CLANG_WARN_UNGUARDED_AVAILABILITY = YES_AGGRESSIVE;
				CLANG_WARN_UNREACHABLE_CODE = YES;
				CLANG_WARN__DUPLICATE_METHOD_MATCH = YES;
				CODE_SIGN_IDENTITY = "iPhone Developer";
				COPY_PHASE_STRIP = NO;
				DEBUG_INFORMATION_FORMAT = "dwarf-with-dsym";
				ENABLE_NS_ASSERTIONS = NO;
				ENABLE_STRICT_OBJC_MSGSEND = YES;
				GCC_C_LANGUAGE_STANDARD = gnu11;
				GCC_NO_COMMON_BLOCKS = YES;
				GCC_WARN_64_TO_32_BIT_CONVERSION = YES;
				GCC_WARN_ABOUT_RETURN_TYPE = YES_ERROR;
				GCC_WARN_UNDECLARED_SELECTOR = YES;
				GCC_WARN_UNINITIALIZED_AUTOS = YES_AGGRESSIVE;
				GCC_WARN_UNUSED_FUNCTION = YES;
				GCC_WARN_UNUSED_VARIABLE = YES;
				IPHONEOS_DEPLOYMENT_TARGET = 11.2;
				MTL_ENABLE_DEBUG_INFO = NO;
				SDKROOT = iphoneos;
				SWIFT_OPTIMIZATION_LEVEL = "-Owholemodule";
				VALIDATE_PRODUCT = YES;
			};
			name = Release;
		};
		491A632F207077750068B76C /* Debug */ = {
			isa = XCBuildConfiguration;
			baseConfigurationReference = 9E7076FB4A17477553A190B7 /* Pods-Hoods.debug.xcconfig */;
			buildSettings = {
				ASSETCATALOG_COMPILER_APPICON_NAME = AppIcon;
				CODE_SIGN_STYLE = Automatic;
				DEVELOPMENT_TEAM = 43B5CQKAZ4;
				INFOPLIST_FILE = Hoods/Info.plist;
				LD_RUNPATH_SEARCH_PATHS = "$(inherited) @executable_path/Frameworks";
				PRODUCT_BUNDLE_IDENTIFIER = com.hoods.Hoods;
				PRODUCT_NAME = "$(TARGET_NAME)";
				SWIFT_VERSION = 4.0;
				TARGETED_DEVICE_FAMILY = "1,2";
			};
			name = Debug;
		};
		491A6330207077750068B76C /* Release */ = {
			isa = XCBuildConfiguration;
			baseConfigurationReference = 9806673CC705EBD7B7A1105D /* Pods-Hoods.release.xcconfig */;
			buildSettings = {
				ASSETCATALOG_COMPILER_APPICON_NAME = AppIcon;
				CODE_SIGN_STYLE = Automatic;
				DEVELOPMENT_TEAM = 43B5CQKAZ4;
				INFOPLIST_FILE = Hoods/Info.plist;
				LD_RUNPATH_SEARCH_PATHS = "$(inherited) @executable_path/Frameworks";
				PRODUCT_BUNDLE_IDENTIFIER = com.hoods.Hoods;
				PRODUCT_NAME = "$(TARGET_NAME)";
				SWIFT_VERSION = 4.0;
				TARGETED_DEVICE_FAMILY = "1,2";
			};
			name = Release;
		};
		491A6332207077750068B76C /* Debug */ = {
			isa = XCBuildConfiguration;
			baseConfigurationReference = EFE13D1D921B6D962081DBCE /* Pods-HoodsTests.debug.xcconfig */;
			buildSettings = {
				ALWAYS_EMBED_SWIFT_STANDARD_LIBRARIES = YES;
				BUNDLE_LOADER = "$(TEST_HOST)";
				CODE_SIGN_STYLE = Automatic;
				DEVELOPMENT_TEAM = 43B5CQKAZ4;
				INFOPLIST_FILE = HoodsTests/Info.plist;
				LD_RUNPATH_SEARCH_PATHS = "$(inherited) @executable_path/Frameworks @loader_path/Frameworks";
				PRODUCT_BUNDLE_IDENTIFIER = com.hoods.HoodsTests;
				PRODUCT_NAME = "$(TARGET_NAME)";
				SWIFT_VERSION = 4.0;
				TARGETED_DEVICE_FAMILY = "1,2";
				TEST_HOST = "$(BUILT_PRODUCTS_DIR)/Hoods.app/Hoods";
			};
			name = Debug;
		};
		491A6333207077750068B76C /* Release */ = {
			isa = XCBuildConfiguration;
			baseConfigurationReference = 5E3DD8083E30EAF097375D8D /* Pods-HoodsTests.release.xcconfig */;
			buildSettings = {
				ALWAYS_EMBED_SWIFT_STANDARD_LIBRARIES = YES;
				BUNDLE_LOADER = "$(TEST_HOST)";
				CODE_SIGN_STYLE = Automatic;
				DEVELOPMENT_TEAM = 43B5CQKAZ4;
				INFOPLIST_FILE = HoodsTests/Info.plist;
				LD_RUNPATH_SEARCH_PATHS = "$(inherited) @executable_path/Frameworks @loader_path/Frameworks";
				PRODUCT_BUNDLE_IDENTIFIER = com.hoods.HoodsTests;
				PRODUCT_NAME = "$(TARGET_NAME)";
				SWIFT_VERSION = 4.0;
				TARGETED_DEVICE_FAMILY = "1,2";
				TEST_HOST = "$(BUILT_PRODUCTS_DIR)/Hoods.app/Hoods";
			};
			name = Release;
		};
		491A6335207077750068B76C /* Debug */ = {
			isa = XCBuildConfiguration;
			baseConfigurationReference = 9CB7BFE245E942884665F930 /* Pods-HoodsUITests.debug.xcconfig */;
			buildSettings = {
				ALWAYS_EMBED_SWIFT_STANDARD_LIBRARIES = YES;
				CODE_SIGN_STYLE = Automatic;
				DEVELOPMENT_TEAM = 43B5CQKAZ4;
				INFOPLIST_FILE = HoodsUITests/Info.plist;
				LD_RUNPATH_SEARCH_PATHS = "$(inherited) @executable_path/Frameworks @loader_path/Frameworks";
				PRODUCT_BUNDLE_IDENTIFIER = com.hoods.HoodsUITests;
				PRODUCT_NAME = "$(TARGET_NAME)";
				SWIFT_VERSION = 4.0;
				TARGETED_DEVICE_FAMILY = "1,2";
				TEST_TARGET_NAME = Hoods;
			};
			name = Debug;
		};
		491A6336207077750068B76C /* Release */ = {
			isa = XCBuildConfiguration;
			baseConfigurationReference = E92A23D357728552539B51D7 /* Pods-HoodsUITests.release.xcconfig */;
			buildSettings = {
				ALWAYS_EMBED_SWIFT_STANDARD_LIBRARIES = YES;
				CODE_SIGN_STYLE = Automatic;
				DEVELOPMENT_TEAM = 43B5CQKAZ4;
				INFOPLIST_FILE = HoodsUITests/Info.plist;
				LD_RUNPATH_SEARCH_PATHS = "$(inherited) @executable_path/Frameworks @loader_path/Frameworks";
				PRODUCT_BUNDLE_IDENTIFIER = com.hoods.HoodsUITests;
				PRODUCT_NAME = "$(TARGET_NAME)";
				SWIFT_VERSION = 4.0;
				TARGETED_DEVICE_FAMILY = "1,2";
				TEST_TARGET_NAME = Hoods;
			};
			name = Release;
		};
/* End XCBuildConfiguration section */

/* Begin XCConfigurationList section */
		491A6301207077740068B76C /* Build configuration list for PBXProject "Hoods" */ = {
			isa = XCConfigurationList;
			buildConfigurations = (
				491A632C207077750068B76C /* Debug */,
				491A632D207077750068B76C /* Release */,
			);
			defaultConfigurationIsVisible = 0;
			defaultConfigurationName = Release;
		};
		491A632E207077750068B76C /* Build configuration list for PBXNativeTarget "Hoods" */ = {
			isa = XCConfigurationList;
			buildConfigurations = (
				491A632F207077750068B76C /* Debug */,
				491A6330207077750068B76C /* Release */,
			);
			defaultConfigurationIsVisible = 0;
			defaultConfigurationName = Release;
		};
		491A6331207077750068B76C /* Build configuration list for PBXNativeTarget "HoodsTests" */ = {
			isa = XCConfigurationList;
			buildConfigurations = (
				491A6332207077750068B76C /* Debug */,
				491A6333207077750068B76C /* Release */,
			);
			defaultConfigurationIsVisible = 0;
			defaultConfigurationName = Release;
		};
		491A6334207077750068B76C /* Build configuration list for PBXNativeTarget "HoodsUITests" */ = {
			isa = XCConfigurationList;
			buildConfigurations = (
				491A6335207077750068B76C /* Debug */,
				491A6336207077750068B76C /* Release */,
			);
			defaultConfigurationIsVisible = 0;
			defaultConfigurationName = Release;
		};
/* End XCConfigurationList section */
	};
	rootObject = 491A62FE207077740068B76C /* Project object */;
}
